{
  "lockfileVersion": 1,
  "configVersion": 1,
  "workspaces": {
    "": {
      "name": "cliff-notes",
      "dependencies": {
        "@ai-sdk/amazon-bedrock": "^5.0.57",
        "@ai-sdk/anthropic": "^4.0.39",
        "@ai-sdk/openai": "^4.0.42",
        "@aws-sdk/credential-providers": "^3.1045.0",
        "ai": "^7.0.67",
        "commander": "^12.1.0",
        "picocolors": "^1.1.1",
        "smol-toml": "^1.3.1",
        "zod": "^3.25.76",
      },
      "devDependencies": {
        "@types/bun": "latest",
        "@types/node": "^22.0.0",
        "lefthook": "^2.1.6",
        "oxfmt": "^0.49.0",
        "oxlint": "^1.64.0",
        "typescript": "^5.5.0",
      },
    },
  },
  "packages": {
    "@ai-sdk/amazon-bedrock": ["@ai-sdk/amazon-bedrock@5.0.57", "", { "dependencies": { "@ai-sdk/anthropic": "4.0.39", "@ai-sdk/openai": "4.0.42", "@ai-sdk/provider": "4.0.7", "@ai-sdk/provider-utils": "5.0.27", "@smithy/eventstream-codec": "^4.3.3", "@smithy/util-utf8": "^4.3.3", "aws4fetch": "^1.0.20" }, "peerDependencies": { "zod": "^3.25.76 || ^4.1.8" } }, "sha512-4G2Fzhgwbf62yQHoXYbuPLfzA1sybAmcKn+ep+sjhWozPNpld0V0QMdchQSXNlfcF8Kd4XmagWJjRvuwmR9bgw=="],

    "@ai-sdk/anthropic": ["@ai-sdk/anthropic@4.0.39", "", { "dependencies": { "@ai-sdk/provider": "4.0.7", "@ai-sdk/provider-utils": "5.0.27" }, "peerDependencies": { "zod": "^3.25.76 || ^4.1.8" } }, "sha512-JAMGtYeEuaBzqbsPO4fkho6vQyNoVhsHASM4o59wmJRU6Vh7prjOp490Kmc7YQTY+ioU1/xYzXvWOtxZBup0Xw=="],

    "@ai-sdk/gateway": ["@ai-sdk/gateway@4.0.53", "", { "dependencies": { "@ai-sdk/provider": "4.0.7", "@ai-sdk/provider-utils": "5.0.27", "@vercel/oidc": "3.2.0" }, "peerDependencies": { "zod": "^3.25.76 || ^4.1.8" } }, "sha512-4ZgwJjv/lGA7ywlD/3oYg6XMkIy1VvVKiSRYB83PyLDApwMGXSF+oT7D5lPYJFhNE5Vr3W2H+SwCFuTsbfgn9w=="],

    "@ai-sdk/openai": ["@ai-sdk/openai@4.0.42", "", { "dependencies": { "@ai-sdk/provider": "4.0.7", "@ai-sdk/provider-utils": "5.0.27" }, "peerDependencies": { "zod": "^3.25.76 || ^4.1.8" } }, "sha512-ZxDca6jJalYuXrIGVrw6dnkpz1Io9AWy+/b/wVWIbjigHCbd+zWLpPi8NnK0OFU+U3YCpP+KWfUvEnG5pFhltA=="],

    "@ai-sdk/provider": ["@ai-sdk/provider@4.0.7", "", { "dependencies": { "json-schema": "^0.4.0" } }, "sha512-6or44XprPzKbr8zkmzosowSE0pxkvJcoojBL+mCZvPUt3kvXp3XSNqeVun9golb1acEfSo6yaEBRT18h2VU+1Q=="],

    "@ai-sdk/provider-utils": ["@ai-sdk/provider-utils@5.0.27", "", { "dependencies": { "@ai-sdk/provider": "4.0.7", "@standard-schema/spec": "^1.1.0", "@workflow/serde": "4.1.0", "eventsource-parser": "^3.0.8", "undici": "^7.28.0" }, "peerDependencies": { "zod": "^3.25.76 || ^4.1.8" } }, "sha512-EzAn4pdgG5g0xXtH6lE2zyNmfjDQIDjATkfqzuidEI35g++hh4+07vnjzkT/RmGmIClPZiRj/Q2GMPV2V7mkHw=="],

    "@aws-crypto/crc32": ["@aws-crypto/crc32@5.2.0", "", { "dependencies": { "@aws-crypto/util": "^5.2.0", "@aws-sdk/types": "^3.222.0", "tslib": "^2.6.2" } }, "sha512-nLbCWqQNgUiwwtFsen1AdzAtvuLRsQS8rYgMuxCrdKf9kOssamGLuPwyTY9wyYblNr9+1XM8v6zoDTPPSIeANg=="],

    "@aws-crypto/sha256-browser": ["@aws-crypto/sha256-browser@5.2.0", "", { "dependencies": { "@aws-crypto/sha256-js": "^5.2.0", "@aws-crypto/supports-web-crypto": "^5.2.0", "@aws-crypto/util": "^5.2.0", "@aws-sdk/types": "^3.222.0", "@aws-sdk/util-locate-window": "^3.0.0", "@smithy/util-utf8": "^2.0.0", "tslib": "^2.6.2" } }, "sha512-AXfN/lGotSQwu6HNcEsIASo7kWXZ5HYWvfOmSNKDsEqC4OashTp8alTmaz+F7TC2L083SFv5RdB+qU3Vs1kZqw=="],

    "@aws-crypto/sha256-js": ["@aws-crypto/sha256-js@5.2.0", "", { "dependencies": { "@aws-crypto/util": "^5.2.0", "@aws-sdk/types": "^3.222.0", "tslib": "^2.6.2" } }, "sha512-FFQQyu7edu4ufvIZ+OadFpHHOt+eSTBaYaki44c+akjg7qZg9oOQeLlk77F6tSYqjDAFClrHJk9tMf0HdVyOvA=="],

    "@aws-crypto/supports-web-crypto": ["@aws-crypto/supports-web-crypto@5.2.0", "", { "dependencies": { "tslib": "^2.6.2" } }, "sha512-iAvUotm021kM33eCdNfwIN//F77/IADDSs58i+MDaOqFrVjZo9bAal0NK7HurRuWLLpF1iLX7gbWrjHjeo+YFg=="],

    "@aws-crypto/util": ["@aws-crypto/util@5.2.0", "", { "dependencies": { "@aws-sdk/types": "^3.222.0", "@smithy/util-utf8": "^2.0.0", "tslib": "^2.6.2" } }, "sha512-4RkU9EsI6ZpBve5fseQlGNUWKMa1RLPQ1dnjnQoe07ldfIzcsGb5hC5W0Dm7u423KWzawlrpbjXBrXCEv9zazQ=="],

    "@aws-sdk/client-cognito-identity": ["@aws-sdk/client-cognito-identity@3.1045.0", "", { "dependencies": { "@aws-crypto/sha256-browser": "5.2.0", "@aws-crypto/sha256-js": "5.2.0", "@aws-sdk/core": "^3.974.8", "@aws-sdk/credential-provider-node": "^3.972.39", "@aws-sdk/middleware-host-header": "^3.972.10", "@aws-sdk/middleware-logger": "^3.972.10", "@aws-sdk/middleware-recursion-detection": "^3.972.11", "@aws-sdk/middleware-user-agent": "^3.972.38", "@aws-sdk/region-config-resolver": "^3.972.13", "@aws-sdk/types": "^3.973.8", "@aws-sdk/util-endpoints": "^3.996.8", "@aws-sdk/util-user-agent-browser": "^3.972.10", "@aws-sdk/util-user-agent-node": "^3.973.24", "@smithy/config-resolver": "^4.4.17", "@smithy/core": "^3.23.17", "@smithy/fetch-http-handler": "^5.3.17", "@smithy/hash-node": "^4.2.14", "@smithy/invalid-dependency": "^4.2.14", "@smithy/middleware-content-length": "^4.2.14", "@smithy/middleware-endpoint": "^4.4.32", "@smithy/middleware-retry": "^4.5.7", "@smithy/middleware-serde": "^4.2.20", "@smithy/middleware-stack": "^4.2.14", "@smithy/node-config-provider": "^4.3.14", "@smithy/node-http-handler": "^4.6.1", "@smithy/protocol-http": "^5.3.14", "@smithy/smithy-client": "^4.12.13", "@smithy/types": "^4.14.1", "@smithy/url-parser": "^4.2.14", "@smithy/util-base64": "^4.3.2", "@smithy/util-body-length-browser": "^4.2.2", "@smithy/util-body-length-node": "^4.2.3", "@smithy/util-defaults-mode-browser": "^4.3.49", "@smithy/util-defaults-mode-node": "^4.2.54", "@smithy/util-endpoints": "^3.4.2", "@smithy/util-middleware": "^4.2.14", "@smithy/util-retry": "^4.3.6", "@smithy/util-utf8": "^4.2.2", "tslib": "^2.6.2" } }, "sha512-3OEn8zvtfJoN0jFfjVJ9jF2GVRDL3IjDfk6CAgVTAqjfCVjajiUD0iFAGQ4cOzdcv1LGsZ0b/snJDWalY3OePQ=="],

    "@aws-sdk/core": ["@aws-sdk/core@3.974.8", "", { "dependencies": { "@aws-sdk/types": "^3.973.8", "@aws-sdk/xml-builder": "^3.972.22", "@smithy/core": "^3.23.17", "@smithy/node-config-provider": "^4.3.14", "@smithy/property-provider": "^4.2.14", "@smithy/protocol-http": "^5.3.14", "@smithy/signature-v4": "^5.3.14", "@smithy/smithy-client": "^4.12.13", "@smithy/types": "^4.14.1", "@smithy/util-base64": "^4.3.2", "@smithy/util-middleware": "^4.2.14", "@smithy/util-retry": "^4.3.6", "@smithy/util-utf8": "^4.2.2", "tslib": "^2.6.2" } }, "sha512-njR2qoG6ZuB0kvAS2FyICsFZJ6gmCcf2X/7JcD14sUvGDm26wiZ5BrA6LOiUxKFEF+IVe7kdroxyE00YlkiYsw=="],

    "@aws-sdk/credential-provider-cognito-identity": ["@aws-sdk/credential-provider-cognito-identity@3.972.31", "", { "dependencies": { "@aws-sdk/nested-clients": "^3.997.6", "@aws-sdk/types": "^3.973.8", "@smithy/property-provider": "^4.2.14", "@smithy/types": "^4.14.1", "tslib": "^2.6.2" } }, "sha512-W5JtzDp3ejzhOOknXlnt+vJsNN2GZdAcBK+hR7HQ1DCacXqS0UpmnIyihIU7CK0IB+XYWeBaN3bBv4pXavp7Vg=="],

    "@aws-sdk/credential-provider-env": ["@aws-sdk/credential-provider-env@3.972.34", "", { "dependencies": { "@aws-sdk/core": "^3.974.8", "@aws-sdk/types": "^3.973.8", "@smithy/property-provider": "^4.2.14", "@smithy/types": "^4.14.1", "tslib": "^2.6.2" } }, "sha512-XT0jtf8Fw9JE6ppsQeoNnZRiG+jqRixMT1v1ZR17G60UvVdsQmTG8nbEyHuEPfMxDXEhfdARaM/XiEhca4lGHQ=="],

    "@aws-sdk/credential-provider-http": ["@aws-sdk/credential-provider-http@3.972.36", "", { "dependencies": { "@aws-sdk/core": "^3.974.8", "@aws-sdk/types": "^3.973.8", "@smithy/fetch-http-handler": "^5.3.17", "@smithy/node-http-handler": "^4.6.1", "@smithy/property-provider": "^4.2.14", "@smithy/protocol-http": "^5.3.14", "@smithy/smithy-client": "^4.12.13", "@smithy/types": "^4.14.1", "@smithy/util-stream": "^4.5.25", "tslib": "^2.6.2" } }, "sha512-DPoGWfy7J7RKxvbf5kOKIGQkD2ek3dbKgzKIGrnLuvZBz5myU+Im/H6pmc14QcnFbqHMqxvtWSgRDSJW3qXLQg=="],

    "@aws-sdk/credential-provider-ini": ["@aws-sdk/credential-provider-ini@3.972.38", "", { "dependencies": { "@aws-sdk/core": "^3.974.8", "@aws-sdk/credential-provider-env": "^3.972.34", "@aws-sdk/credential-provider-http": "^3.972.36", "@aws-sdk/credential-provider-login": "^3.972.38", "@aws-sdk/credential-provider-process": "^3.972.34", "@aws-sdk/credential-provider-sso": "^3.972.38", "@aws-sdk/credential-provider-web-identity": "^3.972.38", "@aws-sdk/nested-clients": "^3.997.6", "@aws-sdk/types": "^3.973.8", "@smithy/credential-provider-imds": "^4.2.14", "@smithy/property-provider": "^4.2.14", "@smithy/shared-ini-file-loader": "^4.4.9", "@smithy/types": "^4.14.1", "tslib": "^2.6.2" } }, "sha512-oDzUBu2MGJFgoar05sPMCwSrhw44ASyccrHzj66vO69OZqi7I6hZZxXfuPLC8OCzW7C+sU+bI73XHij41yekgQ=="],

    "@aws-sdk/credential-provider-login": ["@aws-sdk/credential-provider-login@3.972.38", "", { "dependencies": { "@aws-sdk/core": "^3.974.8", "@aws-sdk/nested-clients": "^3.997.6", "@aws-sdk/types": "^3.973.8", "@smithy/property-provider": "^4.2.14", "@smithy/protocol-http": "^5.3.14", "@smithy/shared-ini-file-loader": "^4.4.9", "@smithy/types": "^4.14.1", "tslib": "^2.6.2" } }, "sha512-g1NosS8qe4OF++G2UFCM5ovSkgipC7YYor5KCWatG0UoMSO5YFj9C8muePlyVmOBV/WTI16Jo3/s1NUo/o1Bww=="],

    "@aws-sdk/credential-provider-node": ["@aws-sdk/credential-provider-node@3.972.39", "", { "dependencies": { "@aws-sdk/credential-provider-env": "^3.972.34", "@aws-sdk/credential-provider-http": "^3.972.36", "@aws-sdk/credential-provider-ini": "^3.972.38", "@aws-sdk/credential-provider-process": "^3.972.34", "@aws-sdk/credential-provider-sso": "^3.972.38", "@aws-sdk/credential-provider-web-identity": "^3.972.38", "@aws-sdk/types": "^3.973.8", "@smithy/credential-provider-imds": "^4.2.14", "@smithy/property-provider": "^4.2.14", "@smithy/shared-ini-file-loader": "^4.4.9", "@smithy/types": "^4.14.1", "tslib": "^2.6.2" } }, "sha512-HEswDQyxUtadoZ/bJsPPENHg7R0Lzym5LuMksJeHvqhCOpP+rtkDLKI4/ZChH4w3cf5kG8n6bZuI8PzajoiqMg=="],

    "@aws-sdk/credential-provider-process": ["@aws-sdk/credential-provider-process@3.972.34", "", { "dependencies": { "@aws-sdk/core": "^3.974.8", "@aws-sdk/types": "^3.973.8", "@smithy/property-provider": "^4.2.14", "@smithy/shared-ini-file-loader": "^4.4.9", "@smithy/types": "^4.14.1", "tslib": "^2.6.2" } }, "sha512-T3IFs4EVmVi1dVN5RciFnklCANSzvrQd/VuHY9ThHSQmYkTogjcGkoJEr+oNUPQZnso52183088NqysMPji1/Q=="],

    "@aws-sdk/credential-provider-sso": ["@aws-sdk/credential-provider-sso@3.972.38", "", { "dependencies": { "@aws-sdk/core": "^3.974.8", "@aws-sdk/nested-clients": "^3.997.6", "@aws-sdk/token-providers": "3.1041.0", "@aws-sdk/types": "^3.973.8", "@smithy/property-provider": "^4.2.14", "@smithy/shared-ini-file-loader": "^4.4.9", "@smithy/types": "^4.14.1", "tslib": "^2.6.2" } }, "sha512-5ZxG+t0+3Q3QPh8KEjX6syskhgNf7I0MN7oGioTf6Lm1NTjfP7sIcYGNsthXC2qR8vcD3edNZwCr2ovfSSWuRA=="],

    "@aws-sdk/credential-provider-web-identity": ["@aws-sdk/credential-provider-web-identity@3.972.38", "", { "dependencies": { "@aws-sdk/core": "^3.974.8", "@aws-sdk/nested-clients": "^3.997.6", "@aws-sdk/types": "^3.973.8", "@smithy/property-provider": "^4.2.14", "@smithy/shared-ini-file-loader": "^4.4.9", "@smithy/types": "^4.14.1", "tslib": "^2.6.2" } }, "sha512-lYHFF30DGI20jZcYX8cm6Ns0V7f1dDN6g/MBDLTyD/5iw+bXs3yBr2iAiHDkx4RFU5JgsnZvCHYKiRVPRdmOgw=="],

    "@aws-sdk/credential-providers": ["@aws-sdk/credential-providers@3.1045.0", "", { "dependencies": { "@aws-sdk/client-cognito-identity": "3.1045.0", "@aws-sdk/core": "^3.974.8", "@aws-sdk/credential-provider-cognito-identity": "^3.972.31", "@aws-sdk/credential-provider-env": "^3.972.34", "@aws-sdk/credential-provider-http": "^3.972.36", "@aws-sdk/credential-provider-ini": "^3.972.38", "@aws-sdk/credential-provider-login": "^3.972.38", "@aws-sdk/credential-provider-node": "^3.972.39", "@aws-sdk/credential-provider-process": "^3.972.34", "@aws-sdk/credential-provider-sso": "^3.972.38", "@aws-sdk/credential-provider-web-identity": "^3.972.38", "@aws-sdk/nested-clients": "^3.997.6", "@aws-sdk/types": "^3.973.8", "@smithy/config-resolver": "^4.4.17", "@smithy/core": "^3.23.17", "@smithy/credential-provider-imds": "^4.2.14", "@smithy/node-config-provider": "^4.3.14", "@smithy/property-provider": "^4.2.14", "@smithy/types": "^4.14.1", "tslib": "^2.6.2" } }, "sha512-J+it58HUGyMIAquB6pWtvmO4m0E/gQ/Tz9Xcoogk3Rety13likU5U8HioeIgE+aN1DDOAB//MARoIdLZS1Mpfw=="],

    "@aws-sdk/middleware-host-header": ["@aws-sdk/middleware-host-header@3.972.10", "", { "dependencies": { "@aws-sdk/types": "^3.973.8", "@smithy/protocol-http": "^5.3.14", "@smithy/types": "^4.14.1", "tslib": "^2.6.2" } }, "sha512-IJSsIMeVQ8MMCPbuh1AbltkFhLBLXn7aejzfX5YKT/VLDHn++Dcz8886tXckE+wQssyPUhaXrJhdakO2VilRhg=="],

    "@aws-sdk/middleware-logger": ["@aws-sdk/middleware-logger@3.972.10", "", { "dependencies": { "@aws-sdk/types": "^3.973.8", "@smithy/types": "^4.14.1", "tslib": "^2.6.2" } }, "sha512-OOuGvvz1Dm20SjZo5oEBePFqxt5nf8AwkNDSyUHvD9/bfNASmstcYxFAHUowy4n6Io7mWUZ04JURZwSBvyQanQ=="],

    "@aws-sdk/middleware-recursion-detection": ["@aws-sdk/middleware-recursion-detection@3.972.11", "", { "dependencies": { "@aws-sdk/types": "^3.973.8", "@aws/lambda-invoke-store": "^0.2.2", "@smithy/protocol-http": "^5.3.14", "@smithy/types": "^4.14.1", "tslib": "^2.6.2" } }, "sha512-+zz6f79Kj9V5qFK2P+D8Ehjnw4AhphAlCAsPjUqEcInA9umtSSKMrHbSagEeOIsDNuvVrH98bjRHcyQukTrhaQ=="],

    "@aws-sdk/middleware-sdk-s3": ["@aws-sdk/middleware-sdk-s3@3.972.37", "", { "dependencies": { "@aws-sdk/core": "^3.974.8", "@aws-sdk/types": "^3.973.8", "@aws-sdk/util-arn-parser": "^3.972.3", "@smithy/core": "^3.23.17", "@smithy/node-config-provider": "^4.3.14", "@smithy/protocol-http": "^5.3.14", "@smithy/signature-v4": "^5.3.14", "@smithy/smithy-client": "^4.12.13", "@smithy/types": "^4.14.1", "@smithy/util-config-provider": "^4.2.2", "@smithy/util-middleware": "^4.2.14", "@smithy/util-stream": "^4.5.25", "@smithy/util-utf8": "^4.2.2", "tslib": "^2.6.2" } }, "sha512-Km7M+i8DrLArVzrid1gfxeGhYHBd3uxvE77g0s5a52zPSVosxzQBnJ0gwWb6NIp/DOk8gsBMhi7V+cpJG0ndTA=="],

    "@aws-sdk/middleware-user-agent": ["@aws-sdk/middleware-user-agent@3.972.38", "", { "dependencies": { "@aws-sdk/core": "^3.974.8", "@aws-sdk/types": "^3.973.8", "@aws-sdk/util-endpoints": "^3.996.8", "@smithy/core": "^3.23.17", "@smithy/protocol-http": "^5.3.14", "@smithy/types": "^4.14.1", "@smithy/util-retry": "^4.3.6", "tslib": "^2.6.2" } }, "sha512-iz+B29TXcAZsJpwB+AwG/TTGA5l/VnmMZ2UxtiySOZjI6gCdmviXPwdgzcmuazMy16rXoPY4mYCGe7zdNKfx5A=="],

    "@aws-sdk/nested-clients": ["@aws-sdk/nested-clients@3.997.6", "", { "dependencies": { "@aws-crypto/sha256-browser": "5.2.0", "@aws-crypto/sha256-js": "5.2.0", "@aws-sdk/core": "^3.974.8", "@aws-sdk/middleware-host-header": "^3.972.10", "@aws-sdk/middleware-logger": "^3.972.10", "@aws-sdk/middleware-recursion-detection": "^3.972.11", "@aws-sdk/middleware-user-agent": "^3.972.38", "@aws-sdk/region-config-resolver": "^3.972.13", "@aws-sdk/signature-v4-multi-region": "^3.996.25", "@aws-sdk/types": "^3.973.8", "@aws-sdk/util-endpoints": "^3.996.8", "@aws-sdk/util-user-agent-browser": "^3.972.10", "@aws-sdk/util-user-agent-node": "^3.973.24", "@smithy/config-resolver": "^4.4.17", "@smithy/core": "^3.23.17", "@smithy/fetch-http-handler": "^5.3.17", "@smithy/hash-node": "^4.2.14", "@smithy/invalid-dependency": "^4.2.14", "@smithy/middleware-content-length": "^4.2.14", "@smithy/middleware-endpoint": "^4.4.32", "@smithy/middleware-retry": "^4.5.7", "@smithy/middleware-serde": "^4.2.20", "@smithy/middleware-stack": "^4.2.14", "@smithy/node-config-provider": "^4.3.14", "@smithy/node-http-handler": "^4.6.1", "@smithy/protocol-http": "^5.3.14", "@smithy/smithy-client": "^4.12.13", "@smithy/types": "^4.14.1", "@smithy/url-parser": "^4.2.14", "@smithy/util-base64": "^4.3.2", "@smithy/util-body-length-browser": "^4.2.2", "@smithy/util-body-length-node": "^4.2.3", "@smithy/util-defaults-mode-browser": "^4.3.49", "@smithy/util-defaults-mode-node": "^4.2.54", "@smithy/util-endpoints": "^3.4.2", "@smithy/util-middleware": "^4.2.14", "@smithy/util-retry": "^4.3.6", "@smithy/util-utf8": "^4.2.2", "tslib": "^2.6.2" } }, "sha512-WBDnqatJl+kGObpfmfSxqnXeYTu3Me8wx8WCtvoxX3pfWrrTv8I4WTMSSs7PZqcRcVh8WeUKMgGFjMG+52SR1w=="],

    "@aws-sdk/region-config-resolver": ["@aws-sdk/region-config-resolver@3.972.13", "", { "dependencies": { "@aws-sdk/types": "^3.973.8", "@smithy/config-resolver": "^4.4.17", "@smithy/node-config-provider": "^4.3.14", "@smithy/types": "^4.14.1", "tslib": "^2.6.2" } }, "sha512-CvJ2ZIjK/jVD/lbOpowBVElJyC1YxLTIJ13yM0AEo0t2v7swOzGjSA6lJGH+DwZXQhcjUjoYwc8bVYCX5MDr1A=="],

    "@aws-sdk/signature-v4-multi-region": ["@aws-sdk/signature-v4-multi-region@3.996.25", "", { "dependencies": { "@aws-sdk/middleware-sdk-s3": "^3.972.37", "@aws-sdk/types": "^3.973.8", "@smithy/protocol-http": "^5.3.14", "@smithy/signature-v4": "^5.3.14", "@smithy/types": "^4.14.1", "tslib": "^2.6.2" } }, "sha512-+CMIt3e1VzlklAECmG+DtP1sV8iKq25FuA0OKpnJ4KA0kxUtd7CgClY7/RU6VzJBQwbN4EJ9Ue6plvqx1qGadw=="],

    "@aws-sdk/token-providers": ["@aws-sdk/token-providers@3.1041.0", "", { "dependencies": { "@aws-sdk/core": "^3.974.8", "@aws-sdk/nested-clients": "^3.997.6", "@aws-sdk/types": "^3.973.8", "@smithy/property-provider": "^4.2.14", "@smithy/shared-ini-file-loader": "^4.4.9", "@smithy/types": "^4.14.1", "tslib": "^2.6.2" } }, "sha512-Th7kPI6YPtvJUcdznooXJMy+9rQWjmEF81LxaJssngBzuysK4a/x+l8kjm1zb7nYsUPbndnBdUnwng/3PLvtGw=="],

    "@aws-sdk/types": ["@aws-sdk/types@3.973.8", "", { "dependencies": { "@smithy/types": "^4.14.1", "tslib": "^2.6.2" } }, "sha512-gjlAdtHMbtR9X5iIhVUvbVcy55KnznpC6bkDUWW9z915bi0ckdUr5cjf16Kp6xq0bP5HBD2xzgbL9F9Quv5vUw=="],

    "@aws-sdk/util-arn-parser": ["@aws-sdk/util-arn-parser@3.972.3", "", { "dependencies": { "tslib": "^2.6.2" } }, "sha512-HzSD8PMFrvgi2Kserxuff5VitNq2sgf3w9qxmskKDiDTThWfVteJxuCS9JXiPIPtmCrp+7N9asfIaVhBFORllA=="],

    "@aws-sdk/util-endpoints": ["@aws-sdk/util-endpoints@3.996.8", "", { "dependencies": { "@aws-sdk/types": "^3.973.8", "@smithy/types": "^4.14.1", "@smithy/url-parser": "^4.2.14", "@smithy/util-endpoints": "^3.4.2", "tslib": "^2.6.2" } }, "sha512-oOZHcRDihk5iEe5V25NVWg45b3qEA8OpHWVdU/XQh8Zj4heVPAJqWvMphQnU7LkufmUo10EpvFPZuQMiFLJK3g=="],

    "@aws-sdk/util-locate-window": ["@aws-sdk/util-locate-window@3.965.5", "", { "dependencies": { "tslib": "^2.6.2" } }, "sha512-WhlJNNINQB+9qtLtZJcpQdgZw3SCDCpXdUJP7cToGwHbCWCnRckGlc6Bx/OhWwIYFNAn+FIydY8SZ0QmVu3xTQ=="],

    "@aws-sdk/util-user-agent-browser": ["@aws-sdk/util-user-agent-browser@3.972.10", "", { "dependencies": { "@aws-sdk/types": "^3.973.8", "@smithy/types": "^4.14.1", "bowser": "^2.11.0", "tslib": "^2.6.2" } }, "sha512-FAzqXvfEssGdSIz8ejatan0bOdx1qefBWKF/gWmVBXIP1HkS7v/wjjaqrAGGKvyihrXTXW00/2/1nTJtxpXz7g=="],

    "@aws-sdk/util-user-agent-node": ["@aws-sdk/util-user-agent-node@3.973.24", "", { "dependencies": { "@aws-sdk/middleware-user-agent": "^3.972.38", "@aws-sdk/types": "^3.973.8", "@smithy/node-config-provider": "^4.3.14", "@smithy/types": "^4.14.1", "@smithy/util-config-provider": "^4.2.2", "tslib": "^2.6.2" }, "peerDependencies": { "aws-crt": ">=1.0.0" }, "optionalPeers": ["aws-crt"] }, "sha512-ZWwlkjcIp7cEL8ZfTpTAPNkwx25p7xol0xlKoWVVf22+nsjwmLcHYtTPjIV1cSpmB/b6DaK4cb1fSkvCXHgRdw=="],

    "@aws-sdk/xml-builder": ["@aws-sdk/xml-builder@3.972.22", "", { "dependencies": { "@nodable/entities": "2.1.0", "@smithy/types": "^4.14.1", "fast-xml-parser": "5.7.2", "tslib": "^2.6.2" } }, "sha512-PMYKKtJd70IsSG0yHrdAbxBr+ZWBKLvzFZfD3/urxgf6hXVMzuU5M+3MJ5G67RpOmLBu1fAUN65SbWuKUCOlAA=="],

    "@aws/lambda-invoke-store": ["@aws/lambda-invoke-store@0.2.4", "", {}, "sha512-iY8yvjE0y651BixKNPgmv1WrQc+GZ142sb0z4gYnChDDY2YqI4P/jsSopBWrKfAt7LOJAkOXt7rC/hms+WclQQ=="],

    "@nodable/entities": ["@nodable/entities@2.1.0", "", {}, "sha512-nyT7T3nbMyBI/lvr6L5TyWbFJAI9FTgVRakNoBqCD+PmID8DzFrrNdLLtHMwMszOtqZa8PAOV24ZqDnQrhQINA=="],

    "@oxfmt/binding-android-arm-eabi": ["@oxfmt/binding-android-arm-eabi@0.49.0", "", { "os": "android", "cpu": "arm" }, "sha512-HbifJ84prIh9+55CTPAU35JdRQrwg47y16cGerCC+iejSKOuHXYo2WDql6l7cQlzrYVtc3f4UWY+dBj2lRmOeA=="],

    "@oxfmt/binding-android-arm64": ["@oxfmt/binding-android-arm64@0.49.0", "", { "os": "android", "cpu": "arm64" }, "sha512-Ef7SKJqAaH2d7E6eXZZa2OffIShbhFMxnGK0zd93p4qiyTJr75B0qf7lrPD+qQOwcf04BrjYJ0JUxq8d5+yZwg=="],

    "@oxfmt/binding-darwin-arm64": ["@oxfmt/binding-darwin-arm64@0.49.0", "", { "os": "darwin", "cpu": "arm64" }, "sha512-8x5DN9CsFfb432sHa9NyqX5XisGUdA53LPEGSdv/VniS+v4uEOR8Orv7A9QSB98Xxgp0t6r31DzQA/wpIobGqQ=="],

    "@oxfmt/binding-darwin-x64": ["@oxfmt/binding-darwin-x64@0.49.0", "", { "os": "darwin", "cpu": "x64" }, "sha512-e0+DSVzk4ewhMVKNYDaRTmP81jNMBWR1X9al0cVKWS+hDM/dElNqD5zjTOCuLOZc4oOdp2Gx2ldrVL+yYo9TZQ=="],

    "@oxfmt/binding-freebsd-x64": ["@oxfmt/binding-freebsd-x64@0.49.0", "", { "os": "freebsd", "cpu": "x64" }, "sha512-W+mjtYtrQvFbXT/uNT+221OBhGRZ8UqNsLxjTWsjZ4GsQnRdvRC/N2NCK86BcamWr7lsTxwpwN3PULnr78sgcQ=="],

    "@oxfmt/binding-linux-arm-gnueabihf": ["@oxfmt/binding-linux-arm-gnueabihf@0.49.0", "", { "os": "linux", "cpu": "arm" }, "sha512-Rtv6UevV7czDlLqil+NZUe4d8gs8jQo/zScSpumwyf7I+fSdLc+hc8AF3MQC7ymxSMMD9+vfiqQlsIf7wOAzXA=="],

    "@oxfmt/binding-linux-arm-musleabihf": ["@oxfmt/binding-linux-arm-musleabihf@0.49.0", "", { "os": "linux", "cpu": "arm" }, "sha512-sBi+8C/Q/MdKa5FL8ibAUCdhFBGFH7HFN/Qoyd5xQbZ/0ky3NMPpKfIBpaH0lhK2dXkGLczVQUoZ+xuNSerCdQ=="],

    "@oxfmt/binding-linux-arm64-gnu": ["@oxfmt/binding-linux-arm64-gnu@0.49.0", "", { "os": "linux", "cpu": "arm64" }, "sha512-JIfWenFhlzx+O8YygyZhoHFzTsdgDhxhbDRnE2iJLnnM5pWKScFvPECO2vOlA7JqJ/9S1g3uzEKuRCkHFwTjvA=="],

    "@oxfmt/binding-linux-arm64-musl": ["@oxfmt/binding-linux-arm64-musl@0.49.0", "", { "os": "linux", "cpu": "arm64" }, "sha512-iNzkMPG18jPkwBOZ4/HEjwqfzAjq4RrUQ0CgId/fC1ENvYD5jLVAaU/gWgpiqP1ys07kxSsSggDd1fp3E7mQHw=="],

    "@oxfmt/binding-linux-ppc64-gnu": ["@oxfmt/binding-linux-ppc64-gnu@0.49.0", "", { "os": "linux", "cpu": "ppc64" }, "sha512-BPHA/NN3LvoIXiid+iz3BHt5V0Rzx0tXAqRUovwE1NsbDaLG9e8mtv7evDGRIkVQacqTDBv0XL25THHsxSJosQ=="],

    "@oxfmt/binding-linux-riscv64-gnu": ["@oxfmt/binding-linux-riscv64-gnu@0.49.0", "", { "os": "linux", "cpu": "none" }, "sha512-3Eroshe+s69htC9JIL0+zLGQczLtRKezkMhwqQC21VC5Z/fuLvzLfbAOLgJLUq601H8gDYjy7deYycfOBjCvWg=="],

    "@oxfmt/binding-linux-riscv64-musl": ["@oxfmt/binding-linux-riscv64-musl@0.49.0", "", { "os": "linux", "cpu": "none" }, "sha512-fnaERGgsxGm0lKAmO72EYR4BA3qBnzBTJBTi6EtUMq1D4R7EexRBMU4voXnx4TXla3SEDl9x4uNp/18SbkPjGg=="],

    "@oxfmt/binding-linux-s390x-gnu": ["@oxfmt/binding-linux-s390x-gnu@0.49.0", "", { "os": "linux", "cpu": "s390x" }, "sha512-rBwasMl1Uul1MCCeTGEFKnOTL7VUxHf+634jWStrQAbzpBJgd5Yz5m4F7exVCsoI8PHn57dNjssXagXLCLB5yA=="],

    "@oxfmt/binding-linux-x64-gnu": ["@oxfmt/binding-linux-x64-gnu@0.49.0", "", { "os": "linux", "cpu": "x64" }, "sha512-BoC/F9xHe2y/deuBGA5Aw7bes07OD2gcL2wlpzTrfImR92vPP7S/k3LBTyspQZCNIVNdagkELcqKELwMLGIfAg=="],

    "@oxfmt/binding-linux-x64-musl": ["@oxfmt/binding-linux-x64-musl@0.49.0", "", { "os": "linux", "cpu": "x64" }, "sha512-umY6jFADAo/oztFKl8D/S6vSrG6oBpEskcentiRuz42kZVU2kfDXMWCYavxyZR2bwPjqkHpcHZ6EZFiH3Qj9ZA=="],

    "@oxfmt/binding-openharmony-arm64": ["@oxfmt/binding-openharmony-arm64@0.49.0", "", { "os": "none", "cpu": "arm64" }, "sha512-J85zQMiw2pXiGPK+OusmDvSnJ/dgpgN7VgmB2zOBtgS8F+nsOUfSg9ZEBrwbQscjZ7tkPbm38CG4VF5f53MsiA=="],

    "@oxfmt/binding-win32-arm64-msvc": ["@oxfmt/binding-win32-arm64-msvc@0.49.0", "", { "os": "win32", "cpu": "arm64" }, "sha512-38K67XR++CoFFORDd4sMFwUVAnD6msYBdGTei+qvKGrRPO6S2PbrYPNL/eQQ1RgnnxOegNba0YQwg6uRkNcw6A=="],

    "@oxfmt/binding-win32-ia32-msvc": ["@oxfmt/binding-win32-ia32-msvc@0.49.0", "", { "os": "win32", "cpu": "ia32" }, "sha512-rXVe0HICwQF0dBgbQtBCoYf8x/SidPIdhyQl+iPuJlV7suV+qDv7yUEB3wQ4qC3nOeNxz287SwFXKzyr0kWgEg=="],

    "@oxfmt/binding-win32-x64-msvc": ["@oxfmt/binding-win32-x64-msvc@0.49.0", "", { "os": "win32", "cpu": "x64" }, "sha512-gwWLwSEmBBfIK/Wh7GGd658161o4RKAvHWRaRQbJm571iQXGKfyr7UKsI1vsWvDlNLc30CxJDc8mMmCvJ/kczQ=="],

    "@oxlint/binding-android-arm-eabi": ["@oxlint/binding-android-arm-eabi@1.64.0", "", { "os": "android", "cpu": "arm" }, "sha512-2r6Nq3XXGLHEXKkSj8JtmJ6N4gDw431DPFOg0ZoJHlNjnG6HVMm/ksQ10m0HJ8WBvwgMe1L50UHPaYZutCRPCw=="],

    "@oxlint/binding-android-arm64": ["@oxlint/binding-android-arm64@1.64.0", "", { "os": "android", "cpu": "arm64" }, "sha512-ePJMpePgg7fBv+L/hVx1xXRU5/5gd5m0obLA6hPEfLXF3GjpR8idIDbY1dhQYhyz1ms2wdTccSboo6KEd2Oxtg=="],

    "@oxlint/binding-darwin-arm64": ["@oxlint/binding-darwin-arm64@1.64.0", "", { "os": "darwin", "cpu": "arm64" }, "sha512-U4DMLQd10gJLuoSTLSGbfv3bGjTlUNsScm9Dgb8wwBqmCzidf1pE1pXV4doGNxqwH3KtVng1AGTINA0NvkGLvQ=="],

    "@oxlint/binding-darwin-x64": ["@oxlint/binding-darwin-x64@1.64.0", "", { "os": "darwin", "cpu": "x64" }, "sha512-GoRIL48QWm4/TAvjN8pB1nAG+1/uqc9EdnWT9zqHeb6wsmjZtywj8VRe5aGW47Fdb64YtLOsdLqVxOvQuz98Wg=="],

    "@oxlint/binding-freebsd-x64": ["@oxlint/binding-freebsd-x64@1.64.0", "", { "os": "freebsd", "cpu": "x64" }, "sha512-5dFkv4tkg7PxJJGS9/OjrJwjhuHczrd3OQOkRE0wHcLM+ncUnULtzEPWjqGOxTXxZnLWcB91bGiIznx89TVXyQ=="],

    "@oxlint/binding-linux-arm-gnueabihf": ["@oxlint/binding-linux-arm-gnueabihf@1.64.0", "", { "os": "linux", "cpu": "arm" }, "sha512-jsBqMLl/uOL5+Kq/+BtK9FrmiNGUbx8SiyZXv+WlUxA45KuwcLu9BfiSIL3I3DBDgWM3yZizDITnTK9BcqNBQg=="],

    "@oxlint/binding-linux-arm-musleabihf": ["@oxlint/binding-linux-arm-musleabihf@1.64.0", "", { "os": "linux", "cpu": "arm" }, "sha512-1lrj8At/Uuc9GhjrVFBQo0NEjfBrTkzpmtHIGAhNnIXqn1CAyGL+qrztUsXb2GIluJrpl9Q7qRLJOb/NqydacQ=="],

    "@oxlint/binding-linux-arm64-gnu": ["@oxlint/binding-linux-arm64-gnu@1.64.0", "", { "os": "linux", "cpu": "arm64" }, "sha512-HpSQbubwh03mMhAdy2BYtad/fsY8vDFHDAb6bUwuCYg2VD3xCQgn6ArKcO0oZyLCheacKTv4PrF3Mfu5hgoE2g=="],

    "@oxlint/binding-linux-arm64-musl": ["@oxlint/binding-linux-arm64-musl@1.64.0", "", { "os": "linux", "cpu": "arm64" }, "sha512-00QQ0h0Y7u0G69BgiH3+ky2aaq/QvkDL6DYok8htIuJHxybiux5aQ8jwmg8qIk9wha6UagUP2BAwAzbemcJbpg=="],

    "@oxlint/binding-linux-ppc64-gnu": ["@oxlint/binding-linux-ppc64-gnu@1.64.0", "", { "os": "linux", "cpu": "ppc64" }, "sha512-2GaimTV6EMW+s5HS0An3oGbQme3BgHswvfVdGk3EB57Xe9+/gyT+Qd7lNVzb3rtir52vbIPzXfaYArzs5b5zcw=="],

    "@oxlint/binding-linux-riscv64-gnu": ["@oxlint/binding-linux-riscv64-gnu@1.64.0", "", { "os": "linux", "cpu": "none" }, "sha512-H46AtFb9wypjoVwGdlxrm0DsD809NGmtiK9HiyPKTxkSte2YjhC4S+00rOIrwCaxcyPiGid3Y3OMXp5KMAkGZw=="],

    "@oxlint/binding-linux-riscv64-musl": ["@oxlint/binding-linux-riscv64-musl@1.64.0", "", { "os": "linux", "cpu": "none" }, "sha512-HEgsidjjvvyzdg82icYkuFCf7REDV7B9JFwbIMbVwrKLBY0MrXX+bku3POn/hduZ2yW91IyVDUMq0Bf02KwXQw=="],

    "@oxlint/binding-linux-s390x-gnu": ["@oxlint/binding-linux-s390x-gnu@1.64.0", "", { "os": "linux", "cpu": "s390x" }, "sha512-Axvm8qryotmKN00P5w4JapaSjvP2LOSbdbBJiX+2SuHd3QzhW7TUc8skqgw+ahQZ5DmzEYeHCqauvW8f32Ns6Q=="],

    "@oxlint/binding-linux-x64-gnu": ["@oxlint/binding-linux-x64-gnu@1.64.0", "", { "os": "linux", "cpu": "x64" }, "sha512-cR60vSd7+m+KRZ3GQGfDxWwahW5RMXg0qlGvAluZr0fTUYvw0H9N9AXAF/M/PMqgytyqvVNmBAkJG9l7U30Y1g=="],

    "@oxlint/binding-linux-x64-musl": ["@oxlint/binding-linux-x64-musl@1.64.0", "", { "os": "linux", "cpu": "x64" }, "sha512-2u/aPZ9pEg7HnvZPDsHxUGNnrpr4qaHi+mCgLgpt+LYRzPrS4Px4wPfkIdRdr2GvKnaYyt+XSlto0Vm5sbStTg=="],

    "@oxlint/binding-openharmony-arm64": ["@oxlint/binding-openharmony-arm64@1.64.0", "", { "os": "none", "cpu": "arm64" }, "sha512-kfhkGfCdoXLSxEkrhDlJrvBYajGmq+ma4EMc53dsOWTq+rIBOlI0vTBmpZNnM5oH2LY/K/w1HAK+UQEgjgpVUg=="],

    "@oxlint/binding-win32-arm64-msvc": ["@oxlint/binding-win32-arm64-msvc@1.64.0", "", { "os": "win32", "cpu": "arm64" }, "sha512-r/cNKBFieONoVu2bb1KkVouq9W+edDUgHumXJGphCRRj+U0xaD4nanrw8ZOqo0IsutPkEM4vCcGBpak6x5aXMg=="],

    "@oxlint/binding-win32-ia32-msvc": ["@oxlint/binding-win32-ia32-msvc@1.64.0", "", { "os": "win32", "cpu": "ia32" }, "sha512-tUw0xUUwEFVZbpJoeCblkv8SJA4Xz3CdXCJbAnBsiNLyxDrk2tLcxEAS6M73Q7hHHDg3OtwI8vZVK3t5RJt4Gw=="],

    "@oxlint/binding-win32-x64-msvc": ["@oxlint/binding-win32-x64-msvc@1.64.0", "", { "os": "win32", "cpu": "x64" }, "sha512-9CBR+LO0JVST87fNTzzNxS5I29jIUO5gxT9i9+M3SDHHALElj9sY1Prf12tad3vIRC6OD7Ehtvvh+sn13vSwHw=="],

    "@smithy/config-resolver": ["@smithy/config-resolver@4.5.1", "", { "dependencies": { "@smithy/core": "^3.24.1", "tslib": "^2.6.2" } }, "sha512-abXk3LhODsvRHsk0ZS9ztrg/fZatTa9Z/z4pgx65YSLR+rY6kvUG/1IgcDKEUciR8MfdnkT5oPeHJTy/HhzDIQ=="],

    "@smithy/core": ["@smithy/core@3.24.1", "", { "dependencies": { "@aws-crypto/crc32": "5.2.0", "@smithy/types": "^4.14.1", "tslib": "^2.6.2" } }, "sha512-3mT7o4qQyUWttYnVK3A0Z/u3Xha3E81tXn32Tz6vjZiUXhBrkEivpw1hBYfh84iFF9CSzkBU9Y1DJ3Q6RQ231g=="],

    "@smithy/credential-provider-imds": ["@smithy/credential-provider-imds@4.3.1", "", { "dependencies": { "@smithy/core": "^3.24.1", "@smithy/types": "^4.14.1", "tslib": "^2.6.2" } }, "sha512-0S/acwHnqX4WrjXzhdiDRxsG2s9SC0cpPIK9nZ1R6UOHd+j7uL28+4bHu22urbLk2TVw3fkp6na/+fkUt/pLNQ=="],

    "@smithy/eventstream-codec": ["@smithy/eventstream-codec@4.5.2", "", { "dependencies": { "@smithy/core": "^3.33.2", "tslib": "^2.6.2" } }, "sha512-u4EAkaviMcQYlorFSnxFUgF/Dnbgiu2TzGmqOU4h3CL4MbvrYyNCXpFkcBwvAEU11EvspKX2zzS2uX7q+43VdQ=="],

    "@smithy/fetch-http-handler": ["@smithy/fetch-http-handler@5.4.1", "", { "dependencies": { "@smithy/core": "^3.24.1", "@smithy/types": "^4.14.1", "tslib": "^2.6.2" } }, "sha512-r7bN6spQ+caZC8AnyvSxkRUb57zt2jhhRw3Z+2Ez8hjq6coIikDBFUUI/+CQ1xx9K6eX1Gx6wUKo4ylU66TIqw=="],

    "@smithy/hash-node": ["@smithy/hash-node@4.3.1", "", { "dependencies": { "@smithy/core": "^3.24.1", "tslib": "^2.6.2" } }, "sha512-u0/zo11mg7yNneoYgTkH4sXwSmcBpbl49o4UNCtQ7hYsXxynsN25KYHmXzqi7TPk5HQL5klGnpU5koOY0O+9hw=="],

    "@smithy/invalid-dependency": ["@smithy/invalid-dependency@4.3.1", "", { "dependencies": { "@smithy/core": "^3.24.1", "tslib": "^2.6.2" } }, "sha512-cLmwtDoulyZvRepAfyV+3rx5oMvuh51dbE+6En3vGC09j3uVSRt1U4oguNu32ub3soGX0oYtBs8E7S2Q4SxTqg=="],

    "@smithy/is-array-buffer": ["@smithy/is-array-buffer@2.2.0", "", { "dependencies": { "tslib": "^2.6.2" } }, "sha512-GGP3O9QFD24uGeAXYUjwSTXARoqpZykHadOmA8G5vfJPK0/DC67qa//0qvqrJzL1xc8WQWX7/yc7fwudjPHPhA=="],

    "@smithy/middleware-content-length": ["@smithy/middleware-content-length@4.3.1", "", { "dependencies": { "@smithy/core": "^3.24.1", "tslib": "^2.6.2" } }, "sha512-l4BUIP+wljW/Ar+0/QcGdmElI9lalrywfzNijXMBG34Z510FRzPyrDLx/blNTZOAm0C4Mvx5t/bf760CZo1ajg=="],

    "@smithy/middleware-endpoint": ["@smithy/middleware-endpoint@4.5.1", "", { "dependencies": { "@smithy/core": "^3.24.1", "tslib": "^2.6.2" } }, "sha512-qtqu5TS+8Y18ZDkJoiXN5AMW1G4JAg1+xytzpsUvIR5a4EUsgd5HQg12lekEHWpm2TDUmOgg+hBaHK7dvyWdkA=="],

    "@smithy/middleware-retry": ["@smithy/middleware-retry@4.6.1", "", { "dependencies": { "@smithy/core": "^3.24.1", "tslib": "^2.6.2" } }, "sha512-eTaQhxs0rfUuAkL2MSKrH8DTO7YCeAgrdN0B2/RAeuHmXQ+x52dk5qUBsi/jtcqe5LxItgq5AG5tI6Cp8c0sow=="],

    "@smithy/middleware-serde": ["@smithy/middleware-serde@4.3.1", "", { "dependencies": { "@smithy/core": "^3.24.1", "tslib": "^2.6.2" } }, "sha512-t7YtUe076zWVypVmy1rX91oKi2TFJCkpfFpfMhJFpEIRPP0iL9JxjeSyFQ+1bF45JUfDzOzslUJa150WcSrBug=="],

    "@smithy/middleware-stack": ["@smithy/middleware-stack@4.3.1", "", { "dependencies": { "@smithy/core": "^3.24.1", "tslib": "^2.6.2" } }, "sha512-1jKwiKZxCMQNqmp4uVPYA6r+MLGjEtH07gnOUdPgbnjuOIrl/0JY/ICdpQtFgeBsQ/Up01gnSv8GYEL0fb8yvg=="],

    "@smithy/node-config-provider": ["@smithy/node-config-provider@4.4.1", "", { "dependencies": { "@smithy/core": "^3.24.1", "tslib": "^2.6.2" } }, "sha512-q7tDJEJXcaSG/8TVpu2f2l9bzxTzDM9geWmltbzsY6Hfh3yiuXXTpLIO8+zwYASPPVFaTJpdKwjSSjdoDoccgw=="],

    "@smithy/node-http-handler": ["@smithy/node-http-handler@4.7.1", "", { "dependencies": { "@smithy/core": "^3.24.1", "@smithy/types": "^4.14.1", "tslib": "^2.6.2" } }, "sha512-BdEYko85f/ldp68uH8XEyIvo810xFk6eyPH81SRggTOApYHWA+Xu7B2EzLuHbe37WVLaUA7F1fWR3/zBeme2WA=="],

    "@smithy/property-provider": ["@smithy/property-provider@4.3.1", "", { "dependencies": { "@smithy/core": "^3.24.1", "tslib": "^2.6.2" } }, "sha512-3NHoqVBhzpY2b4YBx9AqyKC4C8nnEjl5FyKuxrCjvnjinG0ODj+yg1xX360nNahT6wghYjSw1SooCt3kIdnqIA=="],

    "@smithy/protocol-http": ["@smithy/protocol-http@5.4.1", "", { "dependencies": { "@smithy/core": "^3.24.1", "tslib": "^2.6.2" } }, "sha512-8irPNCQgYxcSFp1aGcnDNFkTwSA+xPUaFq9V/v1+JXWu8sKr5b3cFmg2kBTkjkvypDmGeNffuNu0x5iqw1NoAw=="],

    "@smithy/shared-ini-file-loader": ["@smithy/shared-ini-file-loader@4.5.1", "", { "dependencies": { "@smithy/core": "^3.24.1", "tslib": "^2.6.2" } }, "sha512-FKoKxVzdFPhyynFI+SPTWrgOP60fZ4l1UwukWYj4eyhpSmEI7MJ6p58hawIIt9bwp+aek9NEm8Zika7E+GEoeg=="],

    "@smithy/signature-v4": ["@smithy/signature-v4@5.4.1", "", { "dependencies": { "@smithy/core": "^3.24.1", "@smithy/types": "^4.14.1", "tslib": "^2.6.2" } }, "sha512-728lZZEWYWubBESrfntNslZQYDKRlJDY4dcDnYbL50+gu35pGPLblu4S0/RH/RDLF6me1M87ECHsHELGL7dA/Q=="],

    "@smithy/smithy-client": ["@smithy/smithy-client@4.13.1", "", { "dependencies": { "@smithy/core": "^3.24.1", "@smithy/types": "^4.14.1", "tslib": "^2.6.2" } }, "sha512-IcznNM8Qd9u1X3oflp12tkzyOB4HbT+sfYWlWiyEysgNzSHoWcHUUsTT4y1jjDjtVuuVVQbYks+g1kVd7u1eGQ=="],

    "@smithy/types": ["@smithy/types@4.14.1", "", { "dependencies": { "tslib": "^2.6.2" } }, "sha512-59b5HtSVrVR/eYNei3BUj3DCPKD/G7EtDDe7OEJE7i7FtQFugYo6MxbotS8mVJkLNVf8gYaAlEBwwtJ9HzhWSg=="],

    "@smithy/url-parser": ["@smithy/url-parser@4.3.1", "", { "dependencies": { "@smithy/core": "^3.24.1", "tslib": "^2.6.2" } }, "sha512-tuelFlF2PZR/wogFC58NIrPOv+Zna4N1+3kA161/33D1Gbwvl6Nh4WsAsW05ZyPp0O6CMGsdbb0S2b/qVjRMCw=="],

    "@smithy/util-base64": ["@smithy/util-base64@4.4.1", "", { "dependencies": { "@smithy/core": "^3.24.1", "tslib": "^2.6.2" } }, "sha512-fTHiwW2xbiRiWzfSk4IGAr3gNZCH4fuRYqt8+IuarsP/YON35576iVdePraZ6yJlFxlCL0eMec3/F7xYqoKzlg=="],

    "@smithy/util-body-length-browser": ["@smithy/util-body-length-browser@4.3.1", "", { "dependencies": { "@smithy/core": "^3.24.1", "tslib": "^2.6.2" } }, "sha512-1scg5t4nV3hV7CZs996/XHb80aDZ5YotH4NcvkW/w/rHj+cSz0aCIzwz8aUNKB4nCDPSHRCbrKoj+TvycYefmw=="],

    "@smithy/util-body-length-node": ["@smithy/util-body-length-node@4.3.1", "", { "dependencies": { "@smithy/core": "^3.24.1", "tslib": "^2.6.2" } }, "sha512-VRC8MKVPKrgUYThTA7ughcKMfjW6/X92H0wXGJoda0Apw4O5xbXL0GMLz40DTWlsb5hh2iItk6+XL72uJdxYcw=="],

    "@smithy/util-buffer-from": ["@smithy/util-buffer-from@2.2.0", "", { "dependencies": { "@smithy/is-array-buffer": "^2.2.0", "tslib": "^2.6.2" } }, "sha512-IJdWBbTcMQ6DA0gdNhh/BwrLkDR+ADW5Kr1aZmd4k3DIF6ezMV4R2NIAmT08wQJ3yUK82thHWmC/TnK/wpMMIA=="],

    "@smithy/util-config-provider": ["@smithy/util-config-provider@4.3.1", "", { "dependencies": { "@smithy/core": "^3.24.1", "tslib": "^2.6.2" } }, "sha512-lw6L5GF5+W19vO6o3fZwRT2cXEG+8b2LH0b9ppjDT6nIxjUgmljEQGninx5XorylwKZZ4XLVABeroJ8oaF9RmQ=="],

    "@smithy/util-defaults-mode-browser": ["@smithy/util-defaults-mode-browser@4.4.1", "", { "dependencies": { "@smithy/core": "^3.24.1", "tslib": "^2.6.2" } }, "sha512-1rA7w+LjK1WJClsffC81Z/ZtjFt22QsKhBjUYEnZsGVS2nOTfOENKBzdg4SxhdwFvBCjcbpjscUfXOPwE3UHWQ=="],

    "@smithy/util-defaults-mode-node": ["@smithy/util-defaults-mode-node@4.3.1", "", { "dependencies": { "@smithy/core": "^3.24.1", "tslib": "^2.6.2" } }, "sha512-1fk1wfQHBenQD5NitVKOFgW0wsISYAFPIXGyStJWAeCtMyRhgHYvtJxBk2rwGWA0L5QX6oM6yeHSLKPFMk59ww=="],

    "@smithy/util-endpoints": ["@smithy/util-endpoints@3.5.1", "", { "dependencies": { "@smithy/core": "^3.24.1", "tslib": "^2.6.2" } }, "sha512-yORYzJD5zoGbSDkAACr0dIjDiSEA3X8h8lggDENl1dkKpCG0TQIoItPBqtvuJHzFFjRXumcoH+/09xIuixGyCw=="],

    "@smithy/util-middleware": ["@smithy/util-middleware@4.3.1", "", { "dependencies": { "@smithy/core": "^3.24.1", "tslib": "^2.6.2" } }, "sha512-SRRMDcIgVXVhVbxviBaSZbuWuVW3jD08wv4ESV0V2oiw0Mki8TPVQ5IxwD3MvSTPg52QYsRP+JoMw5WdUdeWAg=="],

    "@smithy/util-retry": ["@smithy/util-retry@4.4.1", "", { "dependencies": { "@smithy/core": "^3.24.1", "tslib": "^2.6.2" } }, "sha512-qkgWgwn1xw0GoY9Ea/B6FrYSPfHA0zyOtJkokwxZuvucRf2+2lfTut6adi4e4Y7LEAaxsFG7r6i05mtDCxbHKA=="],

    "@smithy/util-stream": ["@smithy/util-stream@4.6.1", "", { "dependencies": { "@smithy/core": "^3.24.1", "tslib": "^2.6.2" } }, "sha512-GjZfEft0M0V3n2YM/LGkr5LeLd8gxHUIzW0rUz6VtTtlAq245GxHlJghvoPEjJHKTj255iHFAiA4IsIdK40Ueg=="],

    "@smithy/util-utf8": ["@smithy/util-utf8@4.5.2", "", { "dependencies": { "@smithy/core": "^3.33.2", "tslib": "^2.6.2" } }, "sha512-7wNWV7SugHpcMA7uzEawJNpE0GrasXM7a9E+1+Wm6NxVuDClESac/AKt+G7jMZNUz5vBLWqKlqVV7Sv7AtUr6Q=="],

    "@standard-schema/spec": ["@standard-schema/spec@1.1.0", "", {}, "sha512-l2aFy5jALhniG5HgqrD6jXLi/rUWrKvqN/qJx6yoJsgKhblVd+iqqU4RCXavm/jPityDo5TCvKMnpjKnOriy0w=="],

    "@types/bun": ["@types/bun@1.3.14", "", { "dependencies": { "bun-types": "1.3.14" } }, "sha512-h1hFqFVcvAvD9j9K7ZW7vd82aSA+rTdznZa+5bwvCwqSB1jmmfLcbIWhOLx1/+boy/xmjgCs/OMUL8hRJSmnPw=="],

    "@types/node": ["@types/node@22.19.19", "", { "dependencies": { "undici-types": "~6.21.0" } }, "sha512-dyh/xO2Fh5bYrfWaaqGrRQQGkNdmYw6AmaAUvYeUMNTWQtvb796ikLdmTchRmOlOiIJ1TDXfWgVx1QkUlQ6Hew=="],

    "@vercel/oidc": ["@vercel/oidc@3.2.0", "", {}, "sha512-UycprH3T6n3jH0k44NHMa7pnFHGu/N05MjojYr+Mc6I7obkoLIJujSWwin1pCvdy/eOxrI/l3uDLQsmcrOb4ug=="],

    "@workflow/serde": ["@workflow/serde@4.1.0", "", {}, "sha512-pav4F2BoirECWR7Nf1TKt+2eETcBj7jj4cBefQ8VXQCA6NPkaKeLfj/zMgi+3zYV5ZIBT4GuUiphsj0/b9hPQQ=="],

    "ai": ["ai@7.0.67", "", { "dependencies": { "@ai-sdk/gateway": "4.0.53", "@ai-sdk/provider": "4.0.7", "@ai-sdk/provider-utils": "5.0.27" }, "peerDependencies": { "zod": "^3.25.76 || ^4.1.8" } }, "sha512-83Y/OFx7rylrrgzCsaDPlGeL3QC8qrFQ51LBs6MXm2JVxQLLkrvKmPa1/hOzgyCHM8dsB/2rE1a6OGPNRpmTLQ=="],

    "aws4fetch": ["aws4fetch@1.0.20", "", {}, "sha512-/djoAN709iY65ETD6LKCtyyEI04XIBP5xVvfmNxsEP0uJB5tyaGBztSryRr4HqMStr9R06PisQE7m9zDTXKu6g=="],

    "bowser": ["bowser@2.14.1", "", {}, "sha512-tzPjzCxygAKWFOJP011oxFHs57HzIhOEracIgAePE4pqB3LikALKnSzUyU4MGs9/iCEUuHlAJTjTc5M+u7YEGg=="],

    "bun-types": ["bun-types@1.3.14", "", { "dependencies": { "@types/node": "*" } }, "sha512-4N0ig0fEomHt5R0KCFWjovxow98rIoRwKolrYdCcknNwMekCXRnWEUvgu5soYV8QXtVsrUD8B95MBOZGPvr6KQ=="],

    "commander": ["commander@12.1.0", "", {}, "sha512-Vw8qHK3bZM9y/P10u3Vib8o/DdkvA2OtPtZvD871QKjy74Wj1WSKFILMPRPSdUSx5RFK1arlJzEtA4PkFgnbuA=="],

    "eventsource-parser": ["eventsource-parser@3.1.1", "", {}, "sha512-EKN1vKAMcZ8MlYMpaNuxN6R9yakzH6uajHcHVTqWJzvu5pWw9DyhbP35HH8MVBQ+dZjAfDxk+A8NiR9KWaXiyQ=="],

    "fast-xml-builder": ["fast-xml-builder@1.2.0", "", { "dependencies": { "path-expression-matcher": "^1.5.0", "xml-naming": "^0.1.0" } }, "sha512-00aAWieqff+ZJhsXA4g1g7M8k+7AYoMUUHF+/zFb5U6Uv/P0Vl4QZo84/IcufzYalLuEj9928bXN9PbbFzMF0Q=="],

    "fast-xml-parser": ["fast-xml-parser@5.7.2", "", { "dependencies": { "@nodable/entities": "^2.1.0", "fast-xml-builder": "^1.1.5", "path-expression-matcher": "^1.5.0", "strnum": "^2.2.3" }, "bin": { "fxparser": "src/cli/cli.js" } }, "sha512-P7oW7tLbYnhOLQk/Gv7cZgzgMPP/XN03K02/Jy6Y/NHzyIAIpxuZIM/YqAkfiXFPxA2CTm7NtCijK9EDu09u2w=="],

    "json-schema": ["json-schema@0.4.0", "", {}, "sha512-es94M3nTIfsEPisRafak+HDLfHXnKBhV3vU5eqPcS3flIWqcxJWgXHXiey3YrpaNsanY5ei1VoYEbOzijuq9BA=="],

    "lefthook": ["lefthook@2.1.6", "", { "optionalDependencies": { "lefthook-darwin-arm64": "2.1.6", "lefthook-darwin-x64": "2.1.6", "lefthook-freebsd-arm64": "2.1.6", "lefthook-freebsd-x64": "2.1.6", "lefthook-linux-arm64": "2.1.6", "lefthook-linux-x64": "2.1.6", "lefthook-openbsd-arm64": "2.1.6", "lefthook-openbsd-x64": "2.1.6", "lefthook-windows-arm64": "2.1.6", "lefthook-windows-x64": "2.1.6" }, "bin": { "lefthook": "bin/index.js" } }, "sha512-w9sBoR0mdN+kJc3SB85VzpiAAl451/rxdCRcZlwW71QLjkeH3EBQFgc4VMj5apePychYDHAlqEWTB8J8JK/j1Q=="],

    "lefthook-darwin-arm64": ["lefthook-darwin-arm64@2.1.6", "", { "os": "darwin", "cpu": "arm64" }, "sha512-hyB7eeiX78BS66f70byTJacDLC/xV1vgMv9n+idFUsrM7J3Udd/ag9Ag5NP3t0eN0EqQqAtrNnt35EH01lxnRQ=="],

    "lefthook-darwin-x64": ["lefthook-darwin-x64@2.1.6", "", { "os": "darwin", "cpu": "x64" }, "sha512-5Ka6cFxiH83krt+OMRQtmS6zqoZR5SLXSudLjTbZA1c3ZqF0+dqkeb4XcB6plx6WR0GFizabuc6Bi3iXPIe1eQ=="],

    "lefthook-freebsd-arm64": ["lefthook-freebsd-arm64@2.1.6", "", { "os": "freebsd", "cpu": "arm64" }, "sha512-VswyOg5CVN3rMaOJ2HtnkltiMKgFHW/wouWxXsV8RxSa4tgWOKxM0EmSXi8qc2jX+LRga6B0uOY6toXS01zWxA=="],

    "lefthook-freebsd-x64": ["lefthook-freebsd-x64@2.1.6", "", { "os": "freebsd", "cpu": "x64" }, "sha512-vXsCUFYuVwrVWwcypB7Zt2Hf+5pl1V1la7ZfvGYZaTRURu0zF/XUnMF/nOz/PebGv0f4x/iOWXWwP7E42xRWsg=="],

    "lefthook-linux-arm64": ["lefthook-linux-arm64@2.1.6", "", { "os": "linux", "cpu": "arm64" }, "sha512-WDJiQhJdZOvKORZd+kF/ms2l6NSsXzdA9ahflyr65V90AC4jES223W8VtEMbGPUtHuGWMEZ/v/XvwlWv0Ioz9g=="],

    "lefthook-linux-x64": ["lefthook-linux-x64@2.1.6", "", { "os": "linux", "cpu": "x64" }, "sha512-C18nCd7nTX1AVL4TcvwMmLAO1VI1OuGluIOTjiPkBQ746Ls1HhL5rl//jMPACmT28YmxIQJ2ZcLPNmhvEVBZvw=="],

    "lefthook-openbsd-arm64": ["lefthook-openbsd-arm64@2.1.6", "", { "os": "openbsd", "cpu": "arm64" }, "sha512-mZOMxM8HiPxVFXDO3PtCUbH4GB8rkveXhsgXF27oAZTYVzQ3gO9vT6r/pxit6msqRXz3fvcwimLVJgb8eRsa8A=="],

    "lefthook-openbsd-x64": ["lefthook-openbsd-x64@2.1.6", "", { "os": "openbsd", "cpu": "x64" }, "sha512-sG9ALLZSnnMOfXu+B7SmxFhJhuoAh4bqi5En5aaHJET48TqrLOcWWZuH+7ArFM6gr/U5KfSUvdmHFmY8WqCcIg=="],

    "lefthook-windows-arm64": ["lefthook-windows-arm64@2.1.6", "", { "os": "win32", "cpu": "arm64" }, "sha512-lD8yFWY4Csuljd0Rqs7EQaySC0VvDf7V3rN1FhRMUISTRDHutebIom1Loc8ckQPvKYGC6mftT9k0GvipsS+Brw=="],

    "lefthook-windows-x64": ["lefthook-windows-x64@2.1.6", "", { "os": "win32", "cpu": "x64" }, "sha512-q4z2n3xucLscoWiyMwFViEj3N8MDSkPulMwcJYuCYFHoPhP1h+icqNu7QRLGYj6AnVrCQweiUJY3Tb2X+GbD/A=="],

    "oxfmt": ["oxfmt@0.49.0", "", { "dependencies": { "tinypool": "2.1.0" }, "optionalDependencies": { "@oxfmt/binding-android-arm-eabi": "0.49.0", "@oxfmt/binding-android-arm64": "0.49.0", "@oxfmt/binding-darwin-arm64": "0.49.0", "@oxfmt/binding-darwin-x64": "0.49.0", "@oxfmt/binding-freebsd-x64": "0.49.0", "@oxfmt/binding-linux-arm-gnueabihf": "0.49.0", "@oxfmt/binding-linux-arm-musleabihf": "0.49.0", "@oxfmt/binding-linux-arm64-gnu": "0.49.0", "@oxfmt/binding-linux-arm64-musl": "0.49.0", "@oxfmt/binding-linux-ppc64-gnu": "0.49.0", "@oxfmt/binding-linux-riscv64-gnu": "0.49.0", "@oxfmt/binding-linux-riscv64-musl": "0.49.0", "@oxfmt/binding-linux-s390x-gnu": "0.49.0", "@oxfmt/binding-linux-x64-gnu": "0.49.0", "@oxfmt/binding-linux-x64-musl": "0.49.0", "@oxfmt/binding-openharmony-arm64": "0.49.0", "@oxfmt/binding-win32-arm64-msvc": "0.49.0", "@oxfmt/binding-win32-ia32-msvc": "0.49.0", "@oxfmt/binding-win32-x64-msvc": "0.49.0" }, "peerDependencies": { "svelte": "^5.0.0" }, "optionalPeers": ["svelte"], "bin": { "oxfmt": "bin/oxfmt" } }, "sha512-IAHFMdlJSWe+oAr65dx22UvjCtV9DBMisAuLnKpDqMQrctzCkGnj3QRwNHm0d+uwSWPalsDF8ZYLz9rh6nH2IQ=="],

    "oxlint": ["oxlint@1.64.0", "", { "optionalDependencies": { "@oxlint/binding-android-arm-eabi": "1.64.0", "@oxlint/binding-android-arm64": "1.64.0", "@oxlint/binding-darwin-arm64": "1.64.0", "@oxlint/binding-darwin-x64": "1.64.0", "@oxlint/binding-freebsd-x64": "1.64.0", "@oxlint/binding-linux-arm-gnueabihf": "1.64.0", "@oxlint/binding-linux-arm-musleabihf": "1.64.0", "@oxlint/binding-linux-arm64-gnu": "1.64.0", "@oxlint/binding-linux-arm64-musl": "1.64.0", "@oxlint/binding-linux-ppc64-gnu": "1.64.0", "@oxlint/binding-linux-riscv64-gnu": "1.64.0", "@oxlint/binding-linux-riscv64-musl": "1.64.0", "@oxlint/binding-linux-s390x-gnu": "1.64.0", "@oxlint/binding-linux-x64-gnu": "1.64.0", "@oxlint/binding-linux-x64-musl": "1.64.0", "@oxlint/binding-openharmony-arm64": "1.64.0", "@oxlint/binding-win32-arm64-msvc": "1.64.0", "@oxlint/binding-win32-ia32-msvc": "1.64.0", "@oxlint/binding-win32-x64-msvc": "1.64.0" }, "peerDependencies": { "oxlint-tsgolint": ">=0.22.1" }, "optionalPeers": ["oxlint-tsgolint"], "bin": { "oxlint": "bin/oxlint" } }, "sha512-Star3SNpWPeWFPw7kRXIhXUSn6fdiAl25q15CQzH/9WaOtG6e9CWTc25vNZOCr4PE1yEP1GtKJKIKglhj3OmEQ=="],

    "path-expression-matcher": ["path-expression-matcher@1.5.0", "", {}, "sha512-cbrerZV+6rvdQrrD+iGMcZFEiiSrbv9Tfdkvnusy6y0x0GKBXREFg/Y65GhIfm0tnLntThhzCnfKwp1WRjeCyQ=="],

    "picocolors": ["picocolors@1.1.1", "", {}, "sha512-xceH2snhtb5M9liqDsmEw56le376mTZkEX/jEb/RxNFyegNul7eNslCXP9FDj/Lcu0X8KEyMceP2ntpaHrDEVA=="],

    "smol-toml": ["smol-toml@1.6.1", "", {}, "sha512-dWUG8F5sIIARXih1DTaQAX4SsiTXhInKf1buxdY9DIg4ZYPZK5nGM1VRIYmEbDbsHt7USo99xSLFu5Q1IqTmsg=="],

    "strnum": ["strnum@2.3.0", "", {}, "sha512-ums3KNd42PGyx5xaoVTO1mjU1bH3NpY4vsrVlnv9PNGqQj8wd7rJ6nEypLrJ7z5vxK5RP0yMLo6J/Gsm62DI5Q=="],

    "tinypool": ["tinypool@2.1.0", "", {}, "sha512-Pugqs6M0m7Lv1I7FtxN4aoyToKg1C4tu+/381vH35y8oENM/Ai7f7C4StcoK4/+BSw9ebcS8jRiVrORFKCALLw=="],

    "tslib": ["tslib@2.8.1", "", {}, "sha512-oJFu94HQb+KVduSUQL7wnpmqnfmLsOA/nAh6b6EH0wCEoK0/mPeXU6c3wKDV83MkOuHPRHtSXKKU99IBazS/2w=="],

    "typescript": ["typescript@5.9.3", "", { "bin": { "tsc": "bin/tsc", "tsserver": "bin/tsserver" } }, "sha512-jl1vZzPDinLr9eUt3J/t7V6FgNEw9QjvBPdysz9KfQDD41fQrC2Y4vKQdiaUpFT4bXlb1RHhLpp8wtm6M5TgSw=="],

    "undici": ["undici@7.29.0", "", {}, "sha512-IDxfleLmmbSskfWSUATiN1nfn2rDuvnMOqb5CWR92iIfojA0Ud+ulOAAEQ57LPr9rWmsreUyf5lwyao+7GNNVw=="],

    "undici-types": ["undici-types@6.21.0", "", {}, "sha512-iwDZqg0QAGrg9Rav5H4n0M64c3mkR59cJ6wQp+7C4nI0gsmExaedaYLNO44eT4AtBBwjbTiGPMlt2Md0T9H9JQ=="],

    "xml-naming": ["xml-naming@0.1.0", "", {}, "sha512-k8KO9hrMyNk6tUWqUfkTEZbezRRpONVOzUTnc97VnCvyj6Tf9lyUR9EDAIeiVLv56jsMcoXEwjW8Kv5yPY52lw=="],

    "zod": ["zod@3.25.76", "", {}, "sha512-gzUt/qt81nXsFGKIFcC3YnfEAx5NkunCfnDlvuBSSFS02bcXu4Lmea0AFIUwbLWxWPx3d9p8S5QoaujKcNQxcQ=="],

    "@aws-crypto/sha256-browser/@smithy/util-utf8": ["@smithy/util-utf8@2.3.0", "", { "dependencies": { "@smithy/util-buffer-from": "^2.2.0", "tslib": "^2.6.2" } }, "sha512-R8Rdn8Hy72KKcebgLiv8jQcQkXoLMOGGv5uI1/k0l+snqkOzQ1R0ChUBCxWMlBsFMekWjq0wRudIweFs7sKT5A=="],

    "@aws-crypto/util/@smithy/util-utf8": ["@smithy/util-utf8@2.3.0", "", { "dependencies": { "@smithy/util-buffer-from": "^2.2.0", "tslib": "^2.6.2" } }, "sha512-R8Rdn8Hy72KKcebgLiv8jQcQkXoLMOGGv5uI1/k0l+snqkOzQ1R0ChUBCxWMlBsFMekWjq0wRudIweFs7sKT5A=="],

    "@aws-sdk/client-cognito-identity/@smithy/util-utf8": ["@smithy/util-utf8@4.3.1", "", { "dependencies": { "@smithy/core": "^3.24.1", "tslib": "^2.6.2" } }, "sha512-FtRrSnriXtOs4+J8/y9SbQ1xmN71hrOsN/YJr5PQQj5nR1l7YNkGS/TEk4gr0WN7gyrUqw8/RFaYVjI18732ZA=="],

    "@aws-sdk/core/@smithy/util-utf8": ["@smithy/util-utf8@4.3.1", "", { "dependencies": { "@smithy/core": "^3.24.1", "tslib": "^2.6.2" } }, "sha512-FtRrSnriXtOs4+J8/y9SbQ1xmN71hrOsN/YJr5PQQj5nR1l7YNkGS/TEk4gr0WN7gyrUqw8/RFaYVjI18732ZA=="],

    "@aws-sdk/middleware-sdk-s3/@smithy/util-utf8": ["@smithy/util-utf8@4.3.1", "", { "dependencies": { "@smithy/core": "^3.24.1", "tslib": "^2.6.2" } }, "sha512-FtRrSnriXtOs4+J8/y9SbQ1xmN71hrOsN/YJr5PQQj5nR1l7YNkGS/TEk4gr0WN7gyrUqw8/RFaYVjI18732ZA=="],

    "@aws-sdk/nested-clients/@smithy/util-utf8": ["@smithy/util-utf8@4.3.1", "", { "dependencies": { "@smithy/core": "^3.24.1", "tslib": "^2.6.2" } }, "sha512-FtRrSnriXtOs4+J8/y9SbQ1xmN71hrOsN/YJr5PQQj5nR1l7YNkGS/TEk4gr0WN7gyrUqw8/RFaYVjI18732ZA=="],

    "@smithy/eventstream-codec/@smithy/core": ["@smithy/core@3.33.2", "", { "dependencies": { "@smithy/types": "^4.17.2", "tslib": "^2.6.2" } }, "sha512-CUGXpnPkVdjUCbix+83sWLW9VFgQOm44MDOx/ihITJMAnOZKvL8YYIc7DR9pP/tZ8CIRvMiON/TucvygqbHO3w=="],

    "@smithy/util-utf8/@smithy/core": ["@smithy/core@3.33.2", "", { "dependencies": { "@smithy/types": "^4.17.2", "tslib": "^2.6.2" } }, "sha512-CUGXpnPkVdjUCbix+83sWLW9VFgQOm44MDOx/ihITJMAnOZKvL8YYIc7DR9pP/tZ8CIRvMiON/TucvygqbHO3w=="],

    "@smithy/eventstream-codec/@smithy/core/@smithy/types": ["@smithy/types@4.17.2", "", { "dependencies": { "tslib": "^2.6.2" } }, "sha512-FOKpVZob9MPTn2znRzGrnsMHv7BOsKVw3XiP/cOyYLDVZ9qKp4nifIiSCuUU/fIj5Vu0UOAxCFr+qRAtG0NUkA=="],

    "@smithy/util-utf8/@smithy/core/@smithy/types": ["@smithy/types@4.17.2", "", { "dependencies": { "tslib": "^2.6.2" } }, "sha512-FOKpVZob9MPTn2znRzGrnsMHv7BOsKVw3XiP/cOyYLDVZ9qKp4nifIiSCuUU/fIj5Vu0UOAxCFr+qRAtG0NUkA=="],
  }
}
